// !$*UTF8*$!
{
	archiveVersion = 1;
	classes = {
	};
	objectVersion = 55;
	objects = {

/* Begin PBXBuildFile section */
		53BC104527DE60010000B1DD /* MatrixBracketView.swift in Sources */ = {isa = PBXBuildFile; fileRef = 53BC104427DE60010000B1DD /* MatrixBracketView.swift */; };
		53C9499927D4299E006C38B7 /* AX_BApp.swift in Sources */ = {isa = PBXBuildFile; fileRef = 53C9499827D4299E006C38B7 /* AX_BApp.swift */; };
		53C9499D27D429A0006C38B7 /* Assets.xcassets in Resources */ = {isa = PBXBuildFile; fileRef = 53C9499C27D429A0006C38B7 /* Assets.xcassets */; };
		53C949A027D429A0006C38B7 /* Preview Assets.xcassets in Resources */ = {isa = PBXBuildFile; fileRef = 53C9499F27D429A0006C38B7 /* Preview Assets.xcassets */; };
		53C949B027D42B3C006C38B7 /* Equations.swift in Sources */ = {isa = PBXBuildFile; fileRef = 53C949AB27D42A23006C38B7 /* Equations.swift */; };
		53C949CC27D42C38006C38B7 /* Gauss.swift in Sources */ = {isa = PBXBuildFile; fileRef = 53C949CB27D42C38006C38B7 /* Gauss.swift */; };
		53C949CE27D42C64006C38B7 /* AboutView.swift in Sources */ = {isa = PBXBuildFile; fileRef = 53C949CD27D42C64006C38B7 /* AboutView.swift */; };
		53C949D227D42C6C006C38B7 /* ContentView.swift in Sources */ = {isa = PBXBuildFile; fileRef = 53C949D127D42C6C006C38B7 /* ContentView.swift */; };
		53C949D427D42C7C006C38B7 /* EquationSection.swift in Sources */ = {isa = PBXBuildFile; fileRef = 53C949D327D42C7C006C38B7 /* EquationSection.swift */; };
		53C949D627D42C7F006C38B7 /* EquationsView.swift in Sources */ = {isa = PBXBuildFile; fileRef = 53C949D527D42C7F006C38B7 /* EquationsView.swift */; };
		53C949D827D42C84006C38B7 /* SolveButtonSection.swift in Sources */ = {isa = PBXBuildFile; fileRef = 53C949D727D42C84006C38B7 /* SolveButtonSection.swift */; };
		53C949DA27D42C94006C38B7 /* LeftMenuView.swift in Sources */ = {isa = PBXBuildFile; fileRef = 53C949D927D42C93006C38B7 /* LeftMenuView.swift */; };
		53C949DC27D42C98006C38B7 /* NewProblemView.swift in Sources */ = {isa = PBXBuildFile; fileRef = 53C949DB27D42C98006C38B7 /* NewProblemView.swift */; };
		53C949DE27D42C9E006C38B7 /* SettingsView.swift in Sources */ = {isa = PBXBuildFile; fileRef = 53C949DD27D42C9E006C38B7 /* SettingsView.swift */; };
		53C949E027D42CA2006C38B7 /* VerificationProblemsView.swift in Sources */ = {isa = PBXBuildFile; fileRef = 53C949DF27D42CA2006C38B7 /* VerificationProblemsView.swift */; };
		53C949E227D42CC6006C38B7 /* DocumentPickerFiles.swift in Sources */ = {isa = PBXBuildFile; fileRef = 53C949E127D42CC5006C38B7 /* DocumentPickerFiles.swift */; };
		53C949E427D42CC9006C38B7 /* ProjectRoutines.swift in Sources */ = {isa = PBXBuildFile; fileRef = 53C949E327D42CC9006C38B7 /* ProjectRoutines.swift */; };
		53C949E627D42CD2006C38B7 /* VerificationProblems.swift in Sources */ = {isa = PBXBuildFile; fileRef = 53C949E527D42CD2006C38B7 /* VerificationProblems.swift */; };
		53C949ED27D42E84006C38B7 /* FileNamer.swift in Sources */ = {isa = PBXBuildFile; fileRef = 53C949EC27D42E84006C38B7 /* FileNamer.swift */; };
/* End PBXBuildFile section */

/* Begin PBXFileReference section */
		53BC104427DE60010000B1DD /* MatrixBracketView.swift */ = {isa = PBXFileReference; lastKnownFileType = sourcecode.swift; path = MatrixBracketView.swift; sourceTree = "<group>"; };
		53C9499527D4299E006C38B7 /* AX=B.app */ = {isa = PBXFileReference; explicitFileType = wrapper.application; includeInIndex = 0; path = "AX=B.app"; sourceTree = BUILT_PRODUCTS_DIR; };
		53C9499827D4299E006C38B7 /* AX_BApp.swift */ = {isa = PBXFileReference; lastKnownFileType = sourcecode.swift; path = AX_BApp.swift; sourceTree = "<group>"; };
		53C9499C27D429A0006C38B7 /* Assets.xcassets */ = {isa = PBXFileReference; lastKnownFileType = folder.assetcatalog; path = Assets.xcassets; sourceTree = "<group>"; };
		53C9499F27D429A0006C38B7 /* Preview Assets.xcassets */ = {isa = PBXFileReference; lastKnownFileType = folder.assetcatalog; path = "Preview Assets.xcassets"; sourceTree = "<group>"; };
		53C949AB27D42A23006C38B7 /* Equations.swift */ = {isa = PBXFileReference; lastKnownFileType = sourcecode.swift; path = Equations.swift; sourceTree = "<group>"; };
		53C949CB27D42C38006C38B7 /* Gauss.swift */ = {isa = PBXFileReference; lastKnownFileType = sourcecode.swift; path = Gauss.swift; sourceTree = "<group>"; };
		53C949CD27D42C64006C38B7 /* AboutView.swift */ = {isa = PBXFileReference; lastKnownFileType = sourcecode.swift; path = AboutView.swift; sourceTree = "<group>"; };
		53C949D127D42C6C006C38B7 /* ContentView.swift */ = {isa = PBXFileReference; lastKnownFileType = sourcecode.swift; path = ContentView.swift; sourceTree = "<group>"; };
		53C949D327D42C7C006C38B7 /* EquationSection.swift */ = {isa = PBXFileReference; lastKnownFileType = sourcecode.swift; path = EquationSection.swift; sourceTree = "<group>"; };
		53C949D527D42C7F006C38B7 /* EquationsView.swift */ = {isa = PBXFileReference; lastKnownFileType = sourcecode.swift; path = EquationsView.swift; sourceTree = "<group>"; };
		53C949D727D42C84006C38B7 /* SolveButtonSection.swift */ = {isa = PBXFileReference; lastKnownFileType = sourcecode.swift; path = SolveButtonSection.swift; sourceTree = "<group>"; };
		53C949D927D42C93006C38B7 /* LeftMenuView.swift */ = {isa = PBXFileReference; lastKnownFileType = sourcecode.swift; path = LeftMenuView.swift; sourceTree = "<group>"; };
		53C949DB27D42C98006C38B7 /* NewProblemView.swift */ = {isa = PBXFileReference; lastKnownFileType = sourcecode.swift; path = NewProblemView.swift; sourceTree = "<group>"; };
		53C949DD27D42C9E006C38B7 /* SettingsView.swift */ = {isa = PBXFileReference; lastKnownFileType = sourcecode.swift; path = SettingsView.swift; sourceTree = "<group>"; };
		53C949DF27D42CA2006C38B7 /* VerificationProblemsView.swift */ = {isa = PBXFileReference; lastKnownFileType = sourcecode.swift; path = VerificationProblemsView.swift; sourceTree = "<group>"; };
		53C949E127D42CC5006C38B7 /* DocumentPickerFiles.swift */ = {isa = PBXFileReference; lastKnownFileType = sourcecode.swift; path = DocumentPickerFiles.swift; sourceTree = "<group>"; };
		53C949E327D42CC9006C38B7 /* ProjectRoutines.swift */ = {isa = PBXFileReference; lastKnownFileType = sourcecode.swift; path = ProjectRoutines.swift; sourceTree = "<group>"; };
		53C949E527D42CD2006C38B7 /* VerificationProblems.swift */ = {isa = PBXFileReference; lastKnownFileType = sourcecode.swift; path = VerificationProblems.swift; sourceTree = "<group>"; };
		53C949EC27D42E84006C38B7 /* FileNamer.swift */ = {isa = PBXFileReference; lastKnownFileType = sourcecode.swift; path = FileNamer.swift; sourceTree = "<group>"; };
		53C949F427D4322E006C38B7 /* AX=B.entitlements */ = {isa = PBXFileReference; lastKnownFileType = text.plist.entitlements; path = "AX=B.entitlements"; sourceTree = "<group>"; };
		53C949F527D4356A006C38B7 /* AX-B-Info.plist */ = {isa = PBXFileReference; lastKnownFileType = text.plist; path = "AX-B-Info.plist"; sourceTree = SOURCE_ROOT; };
/* End PBXFileReference section */

/* Begin PBXFrameworksBuildPhase section */
		53C9499227D4299E006C38B7 /* Frameworks */ = {
			isa = PBXFrameworksBuildPhase;
			buildActionMask = 2147483647;
			files = (
			);
			runOnlyForDeploymentPostprocessing = 0;
		};
/* End PBXFrameworksBuildPhase section */

/* Begin PBXGroup section */
		53C9498C27D4299E006C38B7 = {
			isa = PBXGroup;
			children = (
				53C9499727D4299E006C38B7 /* AX=B */,
				53C9499627D4299E006C38B7 /* Products */,
			);
			sourceTree = "<group>";
		};
		53C9499627D4299E006C38B7 /* Products */ = {
			isa = PBXGroup;
			children = (
				53C9499527D4299E006C38B7 /* AX=B.app */,
			);
			name = Products;
			sourceTree = "<group>";
		};
		53C9499727D4299E006C38B7 /* AX=B */ = {
			isa = PBXGroup;
			children = (
				53C949F527D4356A006C38B7 /* AX-B-Info.plist */,
				53C949F427D4322E006C38B7 /* AX=B.entitlements */,
				53C9499827D4299E006C38B7 /* AX_BApp.swift */,
				53C949EA27D42DF3006C38B7 /* Views */,
				53C949EB27D42E1B006C38B7 /* EquationScreen */,
				53C949EE27D42E99006C38B7 /* MainViewModel */,
				53C949F127D42F46006C38B7 /* Model */,
				53C949F227D42F6C006C38B7 /* VerificationProblems */,
				53C949F327D42FC4006C38B7 /* HelperRoutines */,
				53C9499C27D429A0006C38B7 /* Assets.xcassets */,
				53C9499E27D429A0006C38B7 /* Preview Content */,
			);
			path = "AX=B";
			sourceTree = "<group>";
		};
		53C9499E27D429A0006C38B7 /* Preview Content */ = {
			isa = PBXGroup;
			children = (
				53C9499F27D429A0006C38B7 /* Preview Assets.xcassets */,
			);
			path = "Preview Content";
			sourceTree = "<group>";
		};
		53C949EA27D42DF3006C38B7 /* Views */ = {
			isa = PBXGroup;
			children = (
				53C949CD27D42C64006C38B7 /* AboutView.swift */,
				53C949D127D42C6C006C38B7 /* ContentView.swift */,
				53C949D727D42C84006C38B7 /* SolveButtonSection.swift */,
				53C949D927D42C93006C38B7 /* LeftMenuView.swift */,
				53C949DB27D42C98006C38B7 /* NewProblemView.swift */,
				53C949DD27D42C9E006C38B7 /* SettingsView.swift */,
				53C949EC27D42E84006C38B7 /* FileNamer.swift */,
				53C949DF27D42CA2006C38B7 /* VerificationProblemsView.swift */,
			);
			path = Views;
			sourceTree = "<group>";
		};
		53C949EB27D42E1B006C38B7 /* EquationScreen */ = {
			isa = PBXGroup;
			children = (
				53C949D327D42C7C006C38B7 /* EquationSection.swift */,
				53C949D527D42C7F006C38B7 /* EquationsView.swift */,
				53BC104427DE60010000B1DD /* MatrixBracketView.swift */,
			);
			path = EquationScreen;
			sourceTree = "<group>";
		};
		53C949EE27D42E99006C38B7 /* MainViewModel */ = {
			isa = PBXGroup;
			children = (
				53C949AB27D42A23006C38B7 /* Equations.swift */,
			);
			path = MainViewModel;
			sourceTree = "<group>";
		};
		53C949F127D42F46006C38B7 /* Model */ = {
			isa = PBXGroup;
			children = (
				53C949CB27D42C38006C38B7 /* Gauss.swift */,
			);
			path = Model;
			sourceTree = "<group>";
		};
		53C949F227D42F6C006C38B7 /* VerificationProblems */ = {
			isa = PBXGroup;
			children = (
				53C949E527D42CD2006C38B7 /* VerificationProblems.swift */,
			);
			path = VerificationProblems;
			sourceTree = "<group>";
		};
		53C949F327D42FC4006C38B7 /* HelperRoutines */ = {
			isa = PBXGroup;
			children = (
				53C949E327D42CC9006C38B7 /* ProjectRoutines.swift */,
				53C949E127D42CC5006C38B7 /* DocumentPickerFiles.swift */,
			);
			path = HelperRoutines;
			sourceTree = "<group>";
		};
/* End PBXGroup section */

/* Begin PBXNativeTarget section */
		53C9499427D4299E006C38B7 /* AX=B */ = {
			isa = PBXNativeTarget;
			buildConfigurationList = 53C949A327D429A0006C38B7 /* Build configuration list for PBXNativeTarget "AX=B" */;
			buildPhases = (
				53C9499127D4299E006C38B7 /* Sources */,
				53C9499227D4299E006C38B7 /* Frameworks */,
				53C9499327D4299E006C38B7 /* Resources */,
			);
			buildRules = (
			);
			dependencies = (
			);
			name = "AX=B";
			productName = "AX=B";
			productReference = 53C9499527D4299E006C38B7 /* AX=B.app */;
			productType = "com.apple.product-type.application";
		};
/* End PBXNativeTarget section */

/* Begin PBXProject section */
		53C9498D27D4299E006C38B7 /* Project object */ = {
			isa = PBXProject;
			attributes = {
				BuildIndependentTargetsInParallel = 1;
				LastSwiftUpdateCheck = 1320;
				LastUpgradeCheck = 1320;
				TargetAttributes = {
					53C9499427D4299E006C38B7 = {
						CreatedOnToolsVersion = 13.2.1;
					};
				};
			};
			buildConfigurationList = 53C9499027D4299E006C38B7 /* Build configuration list for PBXProject "AX=B" */;
			compatibilityVersion = "Xcode 13.0";
			developmentRegion = en;
			hasScannedForEncodings = 0;
			knownRegions = (
				en,
				Base,
			);
			mainGroup = 53C9498C27D4299E006C38B7;
			productRefGroup = 53C9499627D4299E006C38B7 /* Products */;
			projectDirPath = "";
			projectRoot = "";
			targets = (
				53C9499427D4299E006C38B7 /* AX=B */,
			);
		};
/* End PBXProject section */

/* Begin PBXResourcesBuildPhase section */
		53C9499327D4299E006C38B7 /* Resources */ = {
			isa = PBXResourcesBuildPhase;
			buildActionMask = 2147483647;
			files = (
				53C949A027D429A0006C38B7 /* Preview Assets.xcassets in Resources */,
				53C9499D27D429A0006C38B7 /* Assets.xcassets in Resources */,
			);
			runOnlyForDeploymentPostprocessing = 0;
		};
/* End PBXResourcesBuildPhase section */

/* Begin PBXSourcesBuildPhase section */
		53C9499127D4299E006C38B7 /* Sources */ = {
			isa = PBXSourcesBuildPhase;
			buildActionMask = 2147483647;
			files = (
				53C949CE27D42C64006C38B7 /* AboutView.swift in Sources */,
				53C949E027D42CA2006C38B7 /* VerificationProblemsView.swift in Sources */,
				53C949CC27D42C38006C38B7 /* Gauss.swift in Sources */,
				53C949D627D42C7F006C38B7 /* EquationsView.swift in Sources */,
				53C949D227D42C6C006C38B7 /* ContentView.swift in Sources */,
				53BC104527DE60010000B1DD /* MatrixBracketView.swift in Sources */,
				53C9499927D4299E006C38B7 /* AX_BApp.swift in Sources */,
				53C949B027D42B3C006C38B7 /* Equations.swift in Sources */,
				53C949D427D42C7C006C38B7 /* EquationSection.swift in Sources */,
				53C949D827D42C84006C38B7 /* SolveButtonSection.swift in Sources */,
				53C949DA27D42C94006C38B7 /* LeftMenuView.swift in Sources */,
				53C949DE27D42C9E006C38B7 /* SettingsView.swift in Sources */,
				53C949E627D42CD2006C38B7 /* VerificationProblems.swift in Sources */,
				53C949ED27D42E84006C38B7 /* FileNamer.swift in Sources */,
				53C949E227D42CC6006C38B7 /* DocumentPickerFiles.swift in Sources */,
				53C949DC27D42C98006C38B7 /* NewProblemView.swift in Sources */,
				53C949E427D42CC9006C38B7 /* ProjectRoutines.swift in Sources */,
			);
			runOnlyForDeploymentPostprocessing = 0;
		};
/* End PBXSourcesBuildPhase section */

/* Begin XCBuildConfiguration section */
		53C949A127D429A0006C38B7 /* Debug */ = {
			isa = XCBuildConfiguration;
			buildSettings = {
				ALWAYS_SEARCH_USER_PATHS = NO;
				CLANG_ANALYZER_NONNULL = YES;
				CLANG_ANALYZER_NUMBER_OBJECT_CONVERSION = YES_AGGRESSIVE;
				CLANG_CXX_LANGUAGE_STANDARD = "gnu++17";
				CLANG_CXX_LIBRARY = "libc++";
				CLANG_ENABLE_MODULES = YES;
				CLANG_ENABLE_OBJC_ARC = YES;
				CLANG_ENABLE_OBJC_WEAK = YES;
				CLANG_WARN_BLOCK_CAPTURE_AUTORELEASING = YES;
				CLANG_WARN_BOOL_CONVERSION = YES;
				CLANG_WARN_COMMA = YES;
				CLANG_WARN_CONSTANT_CONVERSION = YES;
				CLANG_WARN_DEPRECATED_OBJC_IMPLEMENTATIONS = YES;
				CLANG_WARN_DIRECT_OBJC_ISA_USAGE = YES_ERROR;
				CLANG_WARN_DOCUMENTATION_COMMENTS = YES;
				CLANG_WARN_EMPTY_BODY = YES;
				CLANG_WARN_ENUM_CONVERSION = YES;
				CLANG_WARN_INFINITE_RECURSION = YES;
				CLANG_WARN_INT_CONVERSION = YES;
				CLANG_WARN_NON_LITERAL_NULL_CONVERSION = YES;
				CLANG_WARN_OBJC_IMPLICIT_RETAIN_SELF = YES;
				CLANG_WARN_OBJC_LITERAL_CONVERSION = YES;
				CLANG_WARN_OBJC_ROOT_CLASS = YES_ERROR;
				CLANG_WARN_QUOTED_INCLUDE_IN_FRAMEWORK_HEADER = YES;
				CLANG_WARN_RANGE_LOOP_ANALYSIS = YES;
				CLANG_WARN_STRICT_PROTOTYPES = YES;
				CLANG_WARN_SUSPICIOUS_MOVE = YES;
				CLANG_WARN_UNGUARDED_AVAILABILITY = YES_AGGRESSIVE;
				CLANG_WARN_UNREACHABLE_CODE = YES;
				CLANG_WARN__DUPLICATE_METHOD_MATCH = YES;
				COPY_PHASE_STRIP = NO;
				DEBUG_INFORMATION_FORMAT = dwarf;
				ENABLE_STRICT_OBJC_MSGSEND = YES;
				ENABLE_TESTABILITY = YES;
				GCC_C_LANGUAGE_STANDARD = gnu11;
				GCC_DYNAMIC_NO_PIC = NO;
				GCC_NO_COMMON_BLOCKS = YES;
				GCC_OPTIMIZATION_LEVEL = 0;
				GCC_PREPROCESSOR_DEFINITIONS = (
					"DEBUG=1",
					"$(inherited)",
				);
				GCC_WARN_64_TO_32_BIT_CONVERSION = YES;
				GCC_WARN_ABOUT_RETURN_TYPE = YES_ERROR;
				GCC_WARN_UNDECLARED_SELECTOR = YES;
				GCC_WARN_UNINITIALIZED_AUTOS = YES_AGGRESSIVE;
				GCC_WARN_UNUSED_FUNCTION = YES;
				GCC_WARN_UNUSED_VARIABLE = YES;
				IPHONEOS_DEPLOYMENT_TARGET = 15.2;
				MTL_ENABLE_DEBUG_INFO = INCLUDE_SOURCE;
				MTL_FAST_MATH = YES;
				ONLY_ACTIVE_ARCH = YES;
				SDKROOT = iphoneos;
				SWIFT_ACTIVE_COMPILATION_CONDITIONS = DEBUG;
				SWIFT_OPTIMIZATION_LEVEL = "-Onone";
			};
			name = Debug;
		};
		53C949A227D429A0006C38B7 /* Release */ = {
			isa = XCBuildConfiguration;
			buildSettings = {
				ALWAYS_SEARCH_USER_PATHS = NO;
				CLANG_ANALYZER_NONNULL = YES;
				CLANG_ANALYZER_NUMBER_OBJECT_CONVERSION = YES_AGGRESSIVE;
				CLANG_CXX_LANGUAGE_STANDARD = "gnu++17";
				CLANG_CXX_LIBRARY = "libc++";
				CLANG_ENABLE_MODULES = YES;
				CLANG_ENABLE_OBJC_ARC = YES;
				CLANG_ENABLE_OBJC_WEAK = YES;
				CLANG_WARN_BLOCK_CAPTURE_AUTORELEASING = YES;
				CLANG_WARN_BOOL_CONVERSION = YES;
				CLANG_WARN_COMMA = YES;
				CLANG_WARN_CONSTANT_CONVERSION = YES;
				CLANG_WARN_DEPRECATED_OBJC_IMPLEMENTATIONS = YES;
				CLANG_WARN_DIRECT_OBJC_ISA_USAGE = YES_ERROR;
				CLANG_WARN_DOCUMENTATION_COMMENTS = YES;
				CLANG_WARN_EMPTY_BODY = YES;
				CLANG_WARN_ENUM_CONVERSION = YES;
				CLANG_WARN_INFINITE_RECURSION = YES;
				CLANG_WARN_INT_CONVERSION = YES;
				CLANG_WARN_NON_LITERAL_NULL_CONVERSION = YES;
				CLANG_WARN_OBJC_IMPLICIT_RETAIN_SELF = YES;
				CLANG_WARN_OBJC_LITERAL_CONVERSION = YES;
				CLANG_WARN_OBJC_ROOT_CLASS = YES_ERROR;
				CLANG_WARN_QUOTED_INCLUDE_IN_FRAMEWORK_HEADER = YES;
				CLANG_WARN_RANGE_LOOP_ANALYSIS = YES;
				CLANG_WARN_STRICT_PROTOTYPES = YES;
				CLANG_WARN_SUSPICIOUS_MOVE = YES;
				CLANG_WARN_UNGUARDED_AVAILABILITY = YES_AGGRESSIVE;
				CLANG_WARN_UNREACHABLE_CODE = YES;
				CLANG_WARN__DUPLICATE_METHOD_MATCH = YES;
				COPY_PHASE_STRIP = NO;
				DEBUG_INFORMATION_FORMAT = "dwarf-with-dsym";
				ENABLE_NS_ASSERTIONS = NO;
				ENABLE_STRICT_OBJC_MSGSEND = YES;
				GCC_C_LANGUAGE_STANDARD = gnu11;
				GCC_NO_COMMON_BLOCKS = YES;
				GCC_WARN_64_TO_32_BIT_CONVERSION = YES;
				GCC_WARN_ABOUT_RETURN_TYPE = YES_ERROR;
				GCC_WARN_UNDECLARED_SELECTOR = YES;
				GCC_WARN_UNINITIALIZED_AUTOS = YES_AGGRESSIVE;
				GCC_WARN_UNUSED_FUNCTION = YES;
				GCC_WARN_UNUSED_VARIABLE = YES;
				IPHONEOS_DEPLOYMENT_TARGET = 15.2;
				MTL_ENABLE_DEBUG_INFO = NO;
				MTL_FAST_MATH = YES;
				SDKROOT = iphoneos;
				SWIFT_COMPILATION_MODE = wholemodule;
				SWIFT_OPTIMIZATION_LEVEL = "-O";
				VALIDATE_PRODUCT = YES;
			};
			name = Release;
		};
		53C949A427D429A0006C38B7 /* Debug */ = {
			isa = XCBuildConfiguration;
			buildSettings = {
				ASSETCATALOG_COMPILER_APPICON_NAME = AppIcon;
				ASSETCATALOG_COMPILER_GLOBAL_ACCENT_COLOR_NAME = AccentColor;
				CODE_SIGN_ENTITLEMENTS = "AX=B/AX=B.entitlements";
				CODE_SIGN_STYLE = Automatic;
				CURRENT_PROJECT_VERSION = 1;
				DEVELOPMENT_ASSET_PATHS = "\"AX=B/Preview Content\"";
				DEVELOPMENT_TEAM = 8GFL38QM4Q;
				ENABLE_PREVIEWS = YES;
				GENERATE_INFOPLIST_FILE = YES;
				INFOPLIST_FILE = "AX-B-Info.plist";
				INFOPLIST_KEY_LSSupportsOpeningDocumentsInPlace = YES;
				INFOPLIST_KEY_UIApplicationSceneManifest_Generation = YES;
				INFOPLIST_KEY_UIApplicationSupportsIndirectInputEvents = YES;
				INFOPLIST_KEY_UILaunchScreen_Generation = YES;
				INFOPLIST_KEY_UISupportedInterfaceOrientations_iPad = "UIInterfaceOrientationPortrait UIInterfaceOrientationPortraitUpsideDown UIInterfaceOrientationLandscapeLeft UIInterfaceOrientationLandscapeRight";
				INFOPLIST_KEY_UISupportedInterfaceOrientations_iPhone = "UIInterfaceOrientationPortrait UIInterfaceOrientationLandscapeLeft UIInterfaceOrientationLandscapeRight";
				INFOPLIST_KEY_UIUserInterfaceStyle = Light;
				LD_RUNPATH_SEARCH_PATHS = (
					"$(inherited)",
					"@executable_path/Frameworks",
				);
				MARKETING_VERSION = 0.1.0;
				PRODUCT_BUNDLE_IDENTIFIER = "com.CasaAdobeSoftware.AX-B";
				PRODUCT_NAME = "$(TARGET_NAME)";
				SUPPORTS_MACCATALYST = YES;
				SWIFT_EMIT_LOC_STRINGS = YES;
				SWIFT_VERSION = 5.0;
				TARGETED_DEVICE_FAMILY = "1,2";
			};
			name = Debug;
		};
		53C949A527D429A0006C38B7 /* Release */ = {
			isa = XCBuildConfiguration;
			buildSettings = {
				ASSETCATALOG_COMPILER_APPICON_NAME = AppIcon;
				ASSETCATALOG_COMPILER_GLOBAL_ACCENT_COLOR_NAME = AccentColor;
				CODE_SIGN_ENTITLEMENTS = "AX=B/AX=B.entitlements";
				CODE_SIGN_STYLE = Automatic;
				CURRENT_PROJECT_VERSION = 1;
				DEVELOPMENT_ASSET_PATHS = "\"AX=B/Preview Content\"";
				DEVELOPMENT_TEAM = 8GFL38QM4Q;
				ENABLE_PREVIEWS = YES;
				GENERATE_INFOPLIST_FILE = YES;
				INFOPLIST_FILE = "AX-B-Info.plist";
				INFOPLIST_KEY_LSSupportsOpeningDocumentsInPlace = YES;
				INFOPLIST_KEY_UIApplicationSceneManifest_Generation = YES;
				INFOPLIST_KEY_UIApplicationSupportsIndirectInputEvents = YES;
				INFOPLIST_KEY_UILaunchScreen_Generation = YES;
				INFOPLIST_KEY_UISupportedInterfaceOrientations_iPad = "UIInterfaceOrientationPortrait UIInterfaceOrientationPortraitUpsideDown UIInterfaceOrientationLandscapeLeft UIInterfaceOrientationLandscapeRight";
				INFOPLIST_KEY_UISupportedInterfaceOrientations_iPhone = "UIInterfaceOrientationPortrait UIInterfaceOrientationLandscapeLeft UIInterfaceOrientationLandscapeRight";
				INFOPLIST_KEY_UIUserInterfaceStyle = Light;
				LD_RUNPATH_SEARCH_PATHS = (
					"$(inherited)",
					"@executable_path/Frameworks",
				);
				MARKETING_VERSION = 0.1.0;
				PRODUCT_BUNDLE_IDENTIFIER = "com.CasaAdobeSoftware.AX-B";
				PRODUCT_NAME = "$(TARGET_NAME)";
				SUPPORTS_MACCATALYST = YES;
				SWIFT_EMIT_LOC_STRINGS = YES;
				SWIFT_VERSION = 5.0;
				TARGETED_DEVICE_FAMILY = "1,2";
			};
			name = Release;
		};
/* End XCBuildConfiguration section */

/* Begin XCConfigurationList section */
		53C9499027D4299E006C38B7 /* Build configuration list for PBXProject "AX=B" */ = {
			isa = XCConfigurationList;
			buildConfigurations = (
				53C949A127D429A0006C38B7 /* Debug */,
				53C949A227D429A0006C38B7 /* Release */,
			);
			defaultConfigurationIsVisible = 0;
			defaultConfigurationName = Release;
		};
		53C949A327D429A0006C38B7 /* Build configuration list for PBXNativeTarget "AX=B" */ = {
			isa = XCConfigurationList;
			buildConfigurations = (
				53C949A427D429A0006C38B7 /* Debug */,
				53C949A527D429A0006C38B7 /* Release */,
			);
			defaultConfigurationIsVisible = 0;
			defaultConfigurationName = Release;
		};
/* End XCConfigurationList section */
	};
	rootObject = 53C9498D27D4299E006C38B7 /* Project object */;
}
